
Microsoft Visual Studio Solution File, Format Version 12.00
# Visual Studio Version 17
VisualStudioVersion = 17.0.31903.59
MinimumVisualStudioVersion = 10.0.40219.1
Project("{2150E333-8FDC-42A3-9474-1A3956D46DE8}") = "src", "src", "{1342CC70-D213-452D-B417-19C1D447ABE1}"
EndProject
Project("{2150E333-8FDC-42A3-9474-1A3956D46DE8}") = "tests", "tests", "{F9F113C1-1A41-443F-BCFE-83CBE0290B6E}"
EndProject
Project("{2150E333-8FDC-42A3-9474-1A3956D46DE8}") = "docs", "docs", "{EFD28057-4086-4072-B5AC-B2CAD32409FD}"
EndProject
Project("{FAE04EC0-301F-11D3-BF4B-00C04F79EFBC}") = "LeShop.WebApi", "src\LeShop.WebApi\LeShop.WebApi.csproj", "{734D9AD1-1F1C-4568-B466-550B8256DDF4}"
EndProject
Global
	GlobalSection(SolutionConfigurationPlatforms) = preSolution
		Debug|Any CPU = Debug|Any CPU
		Release|Any CPU = Release|Any CPU
	EndGlobalSection
	GlobalSection(ProjectConfigurationPlatforms) = postSolution
		{734D9AD1-1F1C-4568-B466-550B8256DDF4}.Debug|Any CPU.ActiveCfg = Debug|Any CPU
		{734D9AD1-1F1C-4568-B466-550B8256DDF4}.Debug|Any CPU.Build.0 = Debug|Any CPU
		{734D9AD1-1F1C-4568-B466-550B8256DDF4}.Release|Any CPU.ActiveCfg = Release|Any CPU
		{734D9AD1-1F1C-4568-B466-550B8256DDF4}.Release|Any CPU.Build.0 = Release|Any CPU
	EndGlobalSection
	GlobalSection(SolutionProperties) = preSolution
		HideSolutionNode = FALSE
	EndGlobalSection
	GlobalSection(NestedProjects) = preSolution
		{734D9AD1-1F1C-4568-B466-550B8256DDF4} = {1342CC70-D213-452D-B417-19C1D447ABE1}
	EndGlobalSection
EndGlobal
